
Microsoft Visual Studio Solution File, Format Version 12.00
# Visual Studio Version 16
VisualStudioVersion = 16.0.28803.156
MinimumVisualStudioVersion = 10.0.40219.1
Project("{9A19103F-16F7-4668-BE54-9A1E7A4F7556}") = "API", "API\API.csproj", "{9ACC13FE-EAE5-420D-9EC3-26999E4D28A3}"
EndProject
Project("{9A19103F-16F7-4668-BE54-9A1E7A4F7556}") = "DatabaseContext", "KanjiDbContext\DatabaseContext.csproj", "{5F578F49-0F25-48E1-85CC-9E4E9C8E1374}"
EndProject
Project("{9A19103F-16F7-4668-BE54-9A1E7A4F7556}") = "DataImporter", "DataImporter\DataImporter.csproj", "{7250FD68-18BE-4F5B-AD08-D6DB868426F6}"
EndProject
Global
	GlobalSection(SolutionConfigurationPlatforms) = preSolution
		Debug|Any CPU = Debug|Any CPU
		Release|Any CPU = Release|Any CPU
	EndGlobalSection
	GlobalSection(ProjectConfigurationPlatforms) = postSolution
		{9ACC13FE-EAE5-420D-9EC3-26999E4D28A3}.Debug|Any CPU.ActiveCfg = Debug|Any CPU
		{9ACC13FE-EAE5-420D-9EC3-26999E4D28A3}.Debug|Any CPU.Build.0 = Debug|Any CPU
		{9ACC13FE-EAE5-420D-9EC3-26999E4D28A3}.Release|Any CPU.ActiveCfg = Release|Any CPU
		{9ACC13FE-EAE5-420D-9EC3-26999E4D28A3}.Release|Any CPU.Build.0 = Release|Any CPU
		{5F578F49-0F25-48E1-85CC-9E4E9C8E1374}.Debug|Any CPU.ActiveCfg = Debug|Any CPU
		{5F578F49-0F25-48E1-85CC-9E4E9C8E1374}.Debug|Any CPU.Build.0 = Debug|Any CPU
		{5F578F49-0F25-48E1-85CC-9E4E9C8E1374}.Release|Any CPU.ActiveCfg = Release|Any CPU
		{5F578F49-0F25-48E1-85CC-9E4E9C8E1374}.Release|Any CPU.Build.0 = Release|Any CPU
		{7250FD68-18BE-4F5B-AD08-D6DB868426F6}.Debug|Any CPU.ActiveCfg = Debug|Any CPU
		{7250FD68-18BE-4F5B-AD08-D6DB868426F6}.Debug|Any CPU.Build.0 = Debug|Any CPU
		{7250FD68-18BE-4F5B-AD08-D6DB868426F6}.Release|Any CPU.ActiveCfg = Release|Any CPU
		{7250FD68-18BE-4F5B-AD08-D6DB868426F6}.Release|Any CPU.Build.0 = Release|Any CPU
	EndGlobalSection
	GlobalSection(SolutionProperties) = preSolution
		HideSolutionNode = FALSE
	EndGlobalSection
	GlobalSection(ExtensibilityGlobals) = postSolution
		SolutionGuid = {DA7B196D-9FF3-4323-B84D-A6AA66CA52E3}
	EndGlobalSection
EndGlobal
